// !$*UTF8*$!
{
	archiveVersion = 1;
	classes = {
	};
	objectVersion = 46;
	objects = {

/* Begin PBXBuildFile section */
		2F44DD831AD73A4C00142A2C /* SSKeychain.strings in Resources */ = {isa = PBXBuildFile; fileRef = 2F44DD7C1AD73A4C00142A2C /* SSKeychain.strings */; };
		2F44DD841AD73A4C00142A2C /* Info.plist in Resources */ = {isa = PBXBuildFile; fileRef = 2F44DD7E1AD73A4C00142A2C /* Info.plist */; };
		2F44DD851AD73A4C00142A2C /* SSKeychain.m in Sources */ = {isa = PBXBuildFile; fileRef = 2F44DD801AD73A4C00142A2C /* SSKeychain.m */; };
		2F44DD861AD73A4C00142A2C /* SSKeychainQuery.m in Sources */ = {isa = PBXBuildFile; fileRef = 2F44DD821AD73A4C00142A2C /* SSKeychainQuery.m */; };
		2F666A741AD4BABD0054B877 /* AddTweetTableViewController.m in Sources */ = {isa = PBXBuildFile; fileRef = 2F666A731AD4BABD0054B877 /* AddTweetTableViewController.m */; };
		2F9AE5C51AD498F400C8707C /* AFHTTPRequestOperation.m in Sources */ = {isa = PBXBuildFile; fileRef = 2F9AE5A11AD498F400C8707C /* AFHTTPRequestOperation.m */; };
		2F9AE5C61AD498F400C8707C /* AFHTTPRequestOperationManager.m in Sources */ = {isa = PBXBuildFile; fileRef = 2F9AE5A31AD498F400C8707C /* AFHTTPRequestOperationManager.m */; };
		2F9AE5C71AD498F400C8707C /* AFHTTPSessionManager.m in Sources */ = {isa = PBXBuildFile; fileRef = 2F9AE5A51AD498F400C8707C /* AFHTTPSessionManager.m */; };
		2F9AE5C81AD498F400C8707C /* AFNetworkReachabilityManager.m in Sources */ = {isa = PBXBuildFile; fileRef = 2F9AE5A81AD498F400C8707C /* AFNetworkReachabilityManager.m */; };
		2F9AE5C91AD498F400C8707C /* AFSecurityPolicy.m in Sources */ = {isa = PBXBuildFile; fileRef = 2F9AE5AA1AD498F400C8707C /* AFSecurityPolicy.m */; };
		2F9AE5CA1AD498F400C8707C /* AFURLConnectionOperation.m in Sources */ = {isa = PBXBuildFile; fileRef = 2F9AE5AC1AD498F400C8707C /* AFURLConnectionOperation.m */; };
		2F9AE5CB1AD498F400C8707C /* AFURLRequestSerialization.m in Sources */ = {isa = PBXBuildFile; fileRef = 2F9AE5AE1AD498F400C8707C /* AFURLRequestSerialization.m */; };
		2F9AE5CC1AD498F400C8707C /* AFURLResponseSerialization.m in Sources */ = {isa = PBXBuildFile; fileRef = 2F9AE5B01AD498F400C8707C /* AFURLResponseSerialization.m */; };
		2F9AE5CD1AD498F400C8707C /* AFURLSessionManager.m in Sources */ = {isa = PBXBuildFile; fileRef = 2F9AE5B21AD498F400C8707C /* AFURLSessionManager.m */; };
		2F9AE5CE1AD498F400C8707C /* AFNetworkActivityIndicatorManager.m in Sources */ = {isa = PBXBuildFile; fileRef = 2F9AE5B51AD498F400C8707C /* AFNetworkActivityIndicatorManager.m */; };
		2F9AE5CF1AD498F400C8707C /* UIActivityIndicatorView+AFNetworking.m in Sources */ = {isa = PBXBuildFile; fileRef = 2F9AE5B71AD498F400C8707C /* UIActivityIndicatorView+AFNetworking.m */; };
		2F9AE5D01AD498F400C8707C /* UIAlertView+AFNetworking.m in Sources */ = {isa = PBXBuildFile; fileRef = 2F9AE5B91AD498F400C8707C /* UIAlertView+AFNetworking.m */; };
		2F9AE5D11AD498F400C8707C /* UIButton+AFNetworking.m in Sources */ = {isa = PBXBuildFile; fileRef = 2F9AE5BB1AD498F400C8707C /* UIButton+AFNetworking.m */; };
		2F9AE5D21AD498F400C8707C /* UIImageView+AFNetworking.m in Sources */ = {isa = PBXBuildFile; fileRef = 2F9AE5BD1AD498F400C8707C /* UIImageView+AFNetworking.m */; };
		2F9AE5D31AD498F400C8707C /* UIProgressView+AFNetworking.m in Sources */ = {isa = PBXBuildFile; fileRef = 2F9AE5C01AD498F400C8707C /* UIProgressView+AFNetworking.m */; };
		2F9AE5D41AD498F400C8707C /* UIRefreshControl+AFNetworking.m in Sources */ = {isa = PBXBuildFile; fileRef = 2F9AE5C21AD498F400C8707C /* UIRefreshControl+AFNetworking.m */; };
		2F9AE5D51AD498F400C8707C /* UIWebView+AFNetworking.m in Sources */ = {isa = PBXBuildFile; fileRef = 2F9AE5C41AD498F400C8707C /* UIWebView+AFNetworking.m */; };
		2FB5C4F11AD32CDA002FCE99 /* Tweet.m in Sources */ = {isa = PBXBuildFile; fileRef = 2FB5C4F01AD32CDA002FCE99 /* Tweet.m */; };
		2FFC7AFB1ACF510000370376 /* main.m in Sources */ = {isa = PBXBuildFile; fileRef = 2FFC7AFA1ACF510000370376 /* main.m */; };
		2FFC7AFE1ACF510000370376 /* AppDelegate.m in Sources */ = {isa = PBXBuildFile; fileRef = 2FFC7AFD1ACF510000370376 /* AppDelegate.m */; };
		2FFC7B041ACF510000370376 /* Main.storyboard in Resources */ = {isa = PBXBuildFile; fileRef = 2FFC7B021ACF510000370376 /* Main.storyboard */; };
		2FFC7B061ACF510000370376 /* Images.xcassets in Resources */ = {isa = PBXBuildFile; fileRef = 2FFC7B051ACF510000370376 /* Images.xcassets */; };
		2FFC7B091ACF510000370376 /* LaunchScreen.xib in Resources */ = {isa = PBXBuildFile; fileRef = 2FFC7B071ACF510000370376 /* LaunchScreen.xib */; };
		2FFC7B151ACF510000370376 /* TwitterAppTests.m in Sources */ = {isa = PBXBuildFile; fileRef = 2FFC7B141ACF510000370376 /* TwitterAppTests.m */; };
		2FFC7B201ACF538C00370376 /* TweetListTableViewController.m in Sources */ = {isa = PBXBuildFile; fileRef = 2FFC7B1F1ACF538C00370376 /* TweetListTableViewController.m */; };
/* End PBXBuildFile section */

/* Begin PBXContainerItemProxy section */
		2FFC7B0F1ACF510000370376 /* PBXContainerItemProxy */ = {
			isa = PBXContainerItemProxy;
			containerPortal = 2FFC7AED1ACF510000370376 /* Project object */;
			proxyType = 1;
			remoteGlobalIDString = 2FFC7AF41ACF510000370376;
			remoteInfo = TwitterApp;
		};
/* End PBXContainerItemProxy section */

/* Begin PBXFileReference section */
		2F44DD7D1AD73A4C00142A2C /* en */ = {isa = PBXFileReference; lastKnownFileType = text.plist.strings; name = en; path = en.lproj/SSKeychain.strings; sourceTree = "<group>"; };
		2F44DD7E1AD73A4C00142A2C /* Info.plist */ = {isa = PBXFileReference; fileEncoding = 4; lastKnownFileType = text.plist.xml; path = Info.plist; sourceTree = "<group>"; };
		2F44DD7F1AD73A4C00142A2C /* SSKeychain.h */ = {isa = PBXFileReference; fileEncoding = 4; lastKnownFileType = sourcecode.c.h; path = SSKeychain.h; sourceTree = "<group>"; };
		2F44DD801AD73A4C00142A2C /* SSKeychain.m */ = {isa = PBXFileReference; fileEncoding = 4; lastKnownFileType = sourcecode.c.objc; path = SSKeychain.m; sourceTree = "<group>"; };
		2F44DD811AD73A4C00142A2C /* SSKeychainQuery.h */ = {isa = PBXFileReference; fileEncoding = 4; lastKnownFileType = sourcecode.c.h; path = SSKeychainQuery.h; sourceTree = "<group>"; };
		2F44DD821AD73A4C00142A2C /* SSKeychainQuery.m */ = {isa = PBXFileReference; fileEncoding = 4; lastKnownFileType = sourcecode.c.objc; path = SSKeychainQuery.m; sourceTree = "<group>"; };
		2F666A721AD4BABD0054B877 /* AddTweetTableViewController.h */ = {isa = PBXFileReference; fileEncoding = 4; lastKnownFileType = sourcecode.c.h; path = AddTweetTableViewController.h; sourceTree = "<group>"; };
		2F666A731AD4BABD0054B877 /* AddTweetTableViewController.m */ = {isa = PBXFileReference; fileEncoding = 4; lastKnownFileType = sourcecode.c.objc; path = AddTweetTableViewController.m; sourceTree = "<group>"; };
		2F9AE5A01AD498F400C8707C /* AFHTTPRequestOperation.h */ = {isa = PBXFileReference; fileEncoding = 4; lastKnownFileType = sourcecode.c.h; path = AFHTTPRequestOperation.h; sourceTree = "<group>"; };
		2F9AE5A11AD498F400C8707C /* AFHTTPRequestOperation.m */ = {isa = PBXFileReference; fileEncoding = 4; lastKnownFileType = sourcecode.c.objc; path = AFHTTPRequestOperation.m; sourceTree = "<group>"; };
		2F9AE5A21AD498F400C8707C /* AFHTTPRequestOperationManager.h */ = {isa = PBXFileReference; fileEncoding = 4; lastKnownFileType = sourcecode.c.h; path = AFHTTPRequestOperationManager.h; sourceTree = "<group>"; };
		2F9AE5A31AD498F400C8707C /* AFHTTPRequestOperationManager.m */ = {isa = PBXFileReference; fileEncoding = 4; lastKnownFileType = sourcecode.c.objc; path = AFHTTPRequestOperationManager.m; sourceTree = "<group>"; };
		2F9AE5A41AD498F400C8707C /* AFHTTPSessionManager.h */ = {isa = PBXFileReference; fileEncoding = 4; lastKnownFileType = sourcecode.c.h; path = AFHTTPSessionManager.h; sourceTree = "<group>"; };
		2F9AE5A51AD498F400C8707C /* AFHTTPSessionManager.m */ = {isa = PBXFileReference; fileEncoding = 4; lastKnownFileType = sourcecode.c.objc; path = AFHTTPSessionManager.m; sourceTree = "<group>"; };
		2F9AE5A61AD498F400C8707C /* AFNetworking.h */ = {isa = PBXFileReference; fileEncoding = 4; lastKnownFileType = sourcecode.c.h; path = AFNetworking.h; sourceTree = "<group>"; };
		2F9AE5A71AD498F400C8707C /* AFNetworkReachabilityManager.h */ = {isa = PBXFileReference; fileEncoding = 4; lastKnownFileType = sourcecode.c.h; path = AFNetworkReachabilityManager.h; sourceTree = "<group>"; };
		2F9AE5A81AD498F400C8707C /* AFNetworkReachabilityManager.m */ = {isa = PBXFileReference; fileEncoding = 4; lastKnownFileType = sourcecode.c.objc; path = AFNetworkReachabilityManager.m; sourceTree = "<group>"; };
		2F9AE5A91AD498F400C8707C /* AFSecurityPolicy.h */ = {isa = PBXFileReference; fileEncoding = 4; lastKnownFileType = sourcecode.c.h; path = AFSecurityPolicy.h; sourceTree = "<group>"; };
		2F9AE5AA1AD498F400C8707C /* AFSecurityPolicy.m */ = {isa = PBXFileReference; fileEncoding = 4; lastKnownFileType = sourcecode.c.objc; path = AFSecurityPolicy.m; sourceTree = "<group>"; };
		2F9AE5AB1AD498F400C8707C /* AFURLConnectionOperation.h */ = {isa = PBXFileReference; fileEncoding = 4; lastKnownFileType = sourcecode.c.h; path = AFURLConnectionOperation.h; sourceTree = "<group>"; };
		2F9AE5AC1AD498F400C8707C /* AFURLConnectionOperation.m */ = {isa = PBXFileReference; fileEncoding = 4; lastKnownFileType = sourcecode.c.objc; path = AFURLConnectionOperation.m; sourceTree = "<group>"; };
		2F9AE5AD1AD498F400C8707C /* AFURLRequestSerialization.h */ = {isa = PBXFileReference; fileEncoding = 4; lastKnownFileType = sourcecode.c.h; path = AFURLRequestSerialization.h; sourceTree = "<group>"; };
		2F9AE5AE1AD498F400C8707C /* AFURLRequestSerialization.m */ = {isa = PBXFileReference; fileEncoding = 4; lastKnownFileType = sourcecode.c.objc; path = AFURLRequestSerialization.m; sourceTree = "<group>"; };
		2F9AE5AF1AD498F400C8707C /* AFURLResponseSerialization.h */ = {isa = PBXFileReference; fileEncoding = 4; lastKnownFileType = sourcecode.c.h; path = AFURLResponseSerialization.h; sourceTree = "<group>"; };
		2F9AE5B01AD498F400C8707C /* AFURLResponseSerialization.m */ = {isa = PBXFileReference; fileEncoding = 4; lastKnownFileType = sourcecode.c.objc; path = AFURLResponseSerialization.m; sourceTree = "<group>"; };
		2F9AE5B11AD498F400C8707C /* AFURLSessionManager.h */ = {isa = PBXFileReference; fileEncoding = 4; lastKnownFileType = sourcecode.c.h; path = AFURLSessionManager.h; sourceTree = "<group>"; };
		2F9AE5B21AD498F400C8707C /* AFURLSessionManager.m */ = {isa = PBXFileReference; fileEncoding = 4; lastKnownFileType = sourcecode.c.objc; path = AFURLSessionManager.m; sourceTree = "<group>"; };
		2F9AE5B41AD498F400C8707C /* AFNetworkActivityIndicatorManager.h */ = {isa = PBXFileReference; fileEncoding = 4; lastKnownFileType = sourcecode.c.h; path = AFNetworkActivityIndicatorManager.h; sourceTree = "<group>"; };
		2F9AE5B51AD498F400C8707C /* AFNetworkActivityIndicatorManager.m */ = {isa = PBXFileReference; fileEncoding = 4; lastKnownFileType = sourcecode.c.objc; path = AFNetworkActivityIndicatorManager.m; sourceTree = "<group>"; };
		2F9AE5B61AD498F400C8707C /* UIActivityIndicatorView+AFNetworking.h */ = {isa = PBXFileReference; fileEncoding = 4; lastKnownFileType = sourcecode.c.h; path = "UIActivityIndicatorView+AFNetworking.h"; sourceTree = "<group>"; };
		2F9AE5B71AD498F400C8707C /* UIActivityIndicatorView+AFNetworking.m */ = {isa = PBXFileReference; fileEncoding = 4; lastKnownFileType = sourcecode.c.objc; path = "UIActivityIndicatorView+AFNetworking.m"; sourceTree = "<group>"; };
		2F9AE5B81AD498F400C8707C /* UIAlertView+AFNetworking.h */ = {isa = PBXFileReference; fileEncoding = 4; lastKnownFileType = sourcecode.c.h; path = "UIAlertView+AFNetworking.h"; sourceTree = "<group>"; };
		2F9AE5B91AD498F400C8707C /* UIAlertView+AFNetworking.m */ = {isa = PBXFileReference; fileEncoding = 4; lastKnownFileType = sourcecode.c.objc; path = "UIAlertView+AFNetworking.m"; sourceTree = "<group>"; };
		2F9AE5BA1AD498F400C8707C /* UIButton+AFNetworking.h */ = {isa = PBXFileReference; fileEncoding = 4; lastKnownFileType = sourcecode.c.h; path = "UIButton+AFNetworking.h"; sourceTree = "<group>"; };
		2F9AE5BB1AD498F400C8707C /* UIButton+AFNetworking.m */ = {isa = PBXFileReference; fileEncoding = 4; lastKnownFileType = sourcecode.c.objc; path = "UIButton+AFNetworking.m"; sourceTree = "<group>"; };
		2F9AE5BC1AD498F400C8707C /* UIImageView+AFNetworking.h */ = {isa = PBXFileReference; fileEncoding = 4; lastKnownFileType = sourcecode.c.h; path = "UIImageView+AFNetworking.h"; sourceTree = "<group>"; };
		2F9AE5BD1AD498F400C8707C /* UIImageView+AFNetworking.m */ = {isa = PBXFileReference; fileEncoding = 4; lastKnownFileType = sourcecode.c.objc; path = "UIImageView+AFNetworking.m"; sourceTree = "<group>"; };
		2F9AE5BE1AD498F400C8707C /* UIKit+AFNetworking.h */ = {isa = PBXFileReference; fileEncoding = 4; lastKnownFileType = sourcecode.c.h; path = "UIKit+AFNetworking.h"; sourceTree = "<group>"; };
		2F9AE5BF1AD498F400C8707C /* UIProgressView+AFNetworking.h */ = {isa = PBXFileReference; fileEncoding = 4; lastKnownFileType = sourcecode.c.h; path = "UIProgressView+AFNetworking.h"; sourceTree = "<group>"; };
		2F9AE5C01AD498F400C8707C /* UIProgressView+AFNetworking.m */ = {isa = PBXFileReference; fileEncoding = 4; lastKnownFileType = sourcecode.c.objc; path = "UIProgressView+AFNetworking.m"; sourceTree = "<group>"; };
		2F9AE5C11AD498F400C8707C /* UIRefreshControl+AFNetworking.h */ = {isa = PBXFileReference; fileEncoding = 4; lastKnownFileType = sourcecode.c.h; path = "UIRefreshControl+AFNetworking.h"; sourceTree = "<group>"; };
		2F9AE5C21AD498F400C8707C /* UIRefreshControl+AFNetworking.m */ = {isa = PBXFileReference; fileEncoding = 4; lastKnownFileType = sourcecode.c.objc; path = "UIRefreshControl+AFNetworking.m"; sourceTree = "<group>"; };
		2F9AE5C31AD498F400C8707C /* UIWebView+AFNetworking.h */ = {isa = PBXFileReference; fileEncoding = 4; lastKnownFileType = sourcecode.c.h; path = "UIWebView+AFNetworking.h"; sourceTree = "<group>"; };
		2F9AE5C41AD498F400C8707C /* UIWebView+AFNetworking.m */ = {isa = PBXFileReference; fileEncoding = 4; lastKnownFileType = sourcecode.c.objc; path = "UIWebView+AFNetworking.m"; sourceTree = "<group>"; };
		2FB5C4EF1AD32CDA002FCE99 /* Tweet.h */ = {isa = PBXFileReference; fileEncoding = 4; lastKnownFileType = sourcecode.c.h; path = Tweet.h; sourceTree = "<group>"; };
		2FB5C4F01AD32CDA002FCE99 /* Tweet.m */ = {isa = PBXFileReference; fileEncoding = 4; lastKnownFileType = sourcecode.c.objc; path = Tweet.m; sourceTree = "<group>"; };
		2FFC7AF51ACF510000370376 /* TwitterApp.app */ = {isa = PBXFileReference; explicitFileType = wrapper.application; includeInIndex = 0; path = TwitterApp.app; sourceTree = BUILT_PRODUCTS_DIR; };
		2FFC7AF91ACF510000370376 /* Info.plist */ = {isa = PBXFileReference; lastKnownFileType = text.plist.xml; path = Info.plist; sourceTree = "<group>"; };
		2FFC7AFA1ACF510000370376 /* main.m */ = {isa = PBXFileReference; lastKnownFileType = sourcecode.c.objc; path = main.m; sourceTree = "<group>"; };
		2FFC7AFC1ACF510000370376 /* AppDelegate.h */ = {isa = PBXFileReference; lastKnownFileType = sourcecode.c.h; path = AppDelegate.h; sourceTree = "<group>"; };
		2FFC7AFD1ACF510000370376 /* AppDelegate.m */ = {isa = PBXFileReference; lastKnownFileType = sourcecode.c.objc; path = AppDelegate.m; sourceTree = "<group>"; };
		2FFC7B031ACF510000370376 /* Base */ = {isa = PBXFileReference; lastKnownFileType = file.storyboard; name = Base; path = Base.lproj/Main.storyboard; sourceTree = "<group>"; };
		2FFC7B051ACF510000370376 /* Images.xcassets */ = {isa = PBXFileReference; lastKnownFileType = folder.assetcatalog; path = Images.xcassets; sourceTree = "<group>"; };
		2FFC7B081ACF510000370376 /* Base */ = {isa = PBXFileReference; lastKnownFileType = file.xib; name = Base; path = Base.lproj/LaunchScreen.xib; sourceTree = "<group>"; };
		2FFC7B0E1ACF510000370376 /* TwitterAppTests.xctest */ = {isa = PBXFileReference; explicitFileType = wrapper.cfbundle; includeInIndex = 0; path = TwitterAppTests.xctest; sourceTree = BUILT_PRODUCTS_DIR; };
		2FFC7B131ACF510000370376 /* Info.plist */ = {isa = PBXFileReference; lastKnownFileType = text.plist.xml; path = Info.plist; sourceTree = "<group>"; };
		2FFC7B141ACF510000370376 /* TwitterAppTests.m */ = {isa = PBXFileReference; lastKnownFileType = sourcecode.c.objc; path = TwitterAppTests.m; sourceTree = "<group>"; };
		2FFC7B1E1ACF538C00370376 /* TweetListTableViewController.h */ = {isa = PBXFileReference; fileEncoding = 4; lastKnownFileType = sourcecode.c.h; path = TweetListTableViewController.h; sourceTree = "<group>"; };
		2FFC7B1F1ACF538C00370376 /* TweetListTableViewController.m */ = {isa = PBXFileReference; fileEncoding = 4; lastKnownFileType = sourcecode.c.objc; path = TweetListTableViewController.m; sourceTree = "<group>"; };
/* End PBXFileReference section */

/* Begin PBXFrameworksBuildPhase section */
		2FFC7AF21ACF510000370376 /* Frameworks */ = {
			isa = PBXFrameworksBuildPhase;
			buildActionMask = 2147483647;
			files = (
			);
			runOnlyForDeploymentPostprocessing = 0;
		};
		2FFC7B0B1ACF510000370376 /* Frameworks */ = {
			isa = PBXFrameworksBuildPhase;
			buildActionMask = 2147483647;
			files = (
			);
			runOnlyForDeploymentPostprocessing = 0;
		};
/* End PBXFrameworksBuildPhase section */

/* Begin PBXGroup section */
		2F44DD7B1AD73A4C00142A2C /* SSKeychain */ = {
			isa = PBXGroup;
			children = (
				2F44DD7C1AD73A4C00142A2C /* SSKeychain.strings */,
				2F44DD7E1AD73A4C00142A2C /* Info.plist */,
				2F44DD7F1AD73A4C00142A2C /* SSKeychain.h */,
				2F44DD801AD73A4C00142A2C /* SSKeychain.m */,
				2F44DD811AD73A4C00142A2C /* SSKeychainQuery.h */,
				2F44DD821AD73A4C00142A2C /* SSKeychainQuery.m */,
			);
			path = SSKeychain;
			sourceTree = "<group>";
		};
		2F9AE59F1AD498F400C8707C /* AFNetworking */ = {
			isa = PBXGroup;
			children = (
				2F9AE5A01AD498F400C8707C /* AFHTTPRequestOperation.h */,
				2F9AE5A11AD498F400C8707C /* AFHTTPRequestOperation.m */,
				2F9AE5A21AD498F400C8707C /* AFHTTPRequestOperationManager.h */,
				2F9AE5A31AD498F400C8707C /* AFHTTPRequestOperationManager.m */,
				2F9AE5A41AD498F400C8707C /* AFHTTPSessionManager.h */,
				2F9AE5A51AD498F400C8707C /* AFHTTPSessionManager.m */,
				2F9AE5A61AD498F400C8707C /* AFNetworking.h */,
				2F9AE5A71AD498F400C8707C /* AFNetworkReachabilityManager.h */,
				2F9AE5A81AD498F400C8707C /* AFNetworkReachabilityManager.m */,
				2F9AE5A91AD498F400C8707C /* AFSecurityPolicy.h */,
				2F9AE5AA1AD498F400C8707C /* AFSecurityPolicy.m */,
				2F9AE5AB1AD498F400C8707C /* AFURLConnectionOperation.h */,
				2F9AE5AC1AD498F400C8707C /* AFURLConnectionOperation.m */,
				2F9AE5AD1AD498F400C8707C /* AFURLRequestSerialization.h */,
				2F9AE5AE1AD498F400C8707C /* AFURLRequestSerialization.m */,
				2F9AE5AF1AD498F400C8707C /* AFURLResponseSerialization.h */,
				2F9AE5B01AD498F400C8707C /* AFURLResponseSerialization.m */,
				2F9AE5B11AD498F400C8707C /* AFURLSessionManager.h */,
				2F9AE5B21AD498F400C8707C /* AFURLSessionManager.m */,
			);
			path = AFNetworking;
			sourceTree = "<group>";
		};
		2F9AE5B31AD498F400C8707C /* UIKit+AFNetworking */ = {
			isa = PBXGroup;
			children = (
				2F9AE5B41AD498F400C8707C /* AFNetworkActivityIndicatorManager.h */,
				2F9AE5B51AD498F400C8707C /* AFNetworkActivityIndicatorManager.m */,
				2F9AE5B61AD498F400C8707C /* UIActivityIndicatorView+AFNetworking.h */,
				2F9AE5B71AD498F400C8707C /* UIActivityIndicatorView+AFNetworking.m */,
				2F9AE5B81AD498F400C8707C /* UIAlertView+AFNetworking.h */,
				2F9AE5B91AD498F400C8707C /* UIAlertView+AFNetworking.m */,
				2F9AE5BA1AD498F400C8707C /* UIButton+AFNetworking.h */,
				2F9AE5BB1AD498F400C8707C /* UIButton+AFNetworking.m */,
				2F9AE5BC1AD498F400C8707C /* UIImageView+AFNetworking.h */,
				2F9AE5BD1AD498F400C8707C /* UIImageView+AFNetworking.m */,
				2F9AE5BE1AD498F400C8707C /* UIKit+AFNetworking.h */,
				2F9AE5BF1AD498F400C8707C /* UIProgressView+AFNetworking.h */,
				2F9AE5C01AD498F400C8707C /* UIProgressView+AFNetworking.m */,
				2F9AE5C11AD498F400C8707C /* UIRefreshControl+AFNetworking.h */,
				2F9AE5C21AD498F400C8707C /* UIRefreshControl+AFNetworking.m */,
				2F9AE5C31AD498F400C8707C /* UIWebView+AFNetworking.h */,
				2F9AE5C41AD498F400C8707C /* UIWebView+AFNetworking.m */,
			);
			path = "UIKit+AFNetworking";
			sourceTree = "<group>";
		};
		2FFC7AEC1ACF510000370376 = {
			isa = PBXGroup;
			children = (
				2FFC7AF71ACF510000370376 /* TwitterApp */,
				2FFC7B111ACF510000370376 /* TwitterAppTests */,
				2FFC7AF61ACF510000370376 /* Products */,
			);
			sourceTree = "<group>";
		};
		2FFC7AF61ACF510000370376 /* Products */ = {
			isa = PBXGroup;
			children = (
				2FFC7AF51ACF510000370376 /* TwitterApp.app */,
				2FFC7B0E1ACF510000370376 /* TwitterAppTests.xctest */,
			);
			name = Products;
			sourceTree = "<group>";
		};
		2FFC7AF71ACF510000370376 /* TwitterApp */ = {
			isa = PBXGroup;
			children = (
				2F44DD7B1AD73A4C00142A2C /* SSKeychain */,
				2F9AE59F1AD498F400C8707C /* AFNetworking */,
				2F9AE5B31AD498F400C8707C /* UIKit+AFNetworking */,
				2FFC7AFC1ACF510000370376 /* AppDelegate.h */,
				2FFC7AFD1ACF510000370376 /* AppDelegate.m */,
				2FB5C4EF1AD32CDA002FCE99 /* Tweet.h */,
				2FB5C4F01AD32CDA002FCE99 /* Tweet.m */,
				2FFC7B021ACF510000370376 /* Main.storyboard */,
				2FFC7B051ACF510000370376 /* Images.xcassets */,
				2FFC7B071ACF510000370376 /* LaunchScreen.xib */,
				2FFC7AF81ACF510000370376 /* Supporting Files */,
				2FFC7B1E1ACF538C00370376 /* TweetListTableViewController.h */,
				2FFC7B1F1ACF538C00370376 /* TweetListTableViewController.m */,
				2F666A721AD4BABD0054B877 /* AddTweetTableViewController.h */,
				2F666A731AD4BABD0054B877 /* AddTweetTableViewController.m */,
			);
			path = TwitterApp;
			sourceTree = "<group>";
		};
		2FFC7AF81ACF510000370376 /* Supporting Files */ = {
			isa = PBXGroup;
			children = (
				2FFC7AF91ACF510000370376 /* Info.plist */,
				2FFC7AFA1ACF510000370376 /* main.m */,
			);
			name = "Supporting Files";
			sourceTree = "<group>";
		};
		2FFC7B111ACF510000370376 /* TwitterAppTests */ = {
			isa = PBXGroup;
			children = (
				2FFC7B141ACF510000370376 /* TwitterAppTests.m */,
				2FFC7B121ACF510000370376 /* Supporting Files */,
			);
			path = TwitterAppTests;
			sourceTree = "<group>";
		};
		2FFC7B121ACF510000370376 /* Supporting Files */ = {
			isa = PBXGroup;
			children = (
				2FFC7B131ACF510000370376 /* Info.plist */,
			);
			name = "Supporting Files";
			sourceTree = "<group>";
		};
/* End PBXGroup section */

/* Begin PBXNativeTarget section */
		2FFC7AF41ACF510000370376 /* TwitterApp */ = {
			isa = PBXNativeTarget;
			buildConfigurationList = 2FFC7B181ACF510000370376 /* Build configuration list for PBXNativeTarget "TwitterApp" */;
			buildPhases = (
				2FFC7AF11ACF510000370376 /* Sources */,
				2FFC7AF21ACF510000370376 /* Frameworks */,
				2FFC7AF31ACF510000370376 /* Resources */,
			);
			buildRules = (
			);
			dependencies = (
			);
			name = TwitterApp;
			productName = TwitterApp;
			productReference = 2FFC7AF51ACF510000370376 /* TwitterApp.app */;
			productType = "com.apple.product-type.application";
		};
		2FFC7B0D1ACF510000370376 /* TwitterAppTests */ = {
			isa = PBXNativeTarget;
			buildConfigurationList = 2FFC7B1B1ACF510000370376 /* Build configuration list for PBXNativeTarget "TwitterAppTests" */;
			buildPhases = (
				2FFC7B0A1ACF510000370376 /* Sources */,
				2FFC7B0B1ACF510000370376 /* Frameworks */,
				2FFC7B0C1ACF510000370376 /* Resources */,
			);
			buildRules = (
			);
			dependencies = (
				2FFC7B101ACF510000370376 /* PBXTargetDependency */,
			);
			name = TwitterAppTests;
			productName = TwitterAppTests;
			productReference = 2FFC7B0E1ACF510000370376 /* TwitterAppTests.xctest */;
			productType = "com.apple.product-type.bundle.unit-test";
		};
/* End PBXNativeTarget section */

/* Begin PBXProject section */
		2FFC7AED1ACF510000370376 /* Project object */ = {
			isa = PBXProject;
			attributes = {
				LastUpgradeCheck = 0610;
				ORGANIZATIONNAME = "Choong Huh";
				TargetAttributes = {
					2FFC7AF41ACF510000370376 = {
						CreatedOnToolsVersion = 6.1.1;
					};
					2FFC7B0D1ACF510000370376 = {
						CreatedOnToolsVersion = 6.1.1;
						TestTargetID = 2FFC7AF41ACF510000370376;
					};
				};
			};
			buildConfigurationList = 2FFC7AF01ACF510000370376 /* Build configuration list for PBXProject "TwitterApp" */;
			compatibilityVersion = "Xcode 3.2";
			developmentRegion = English;
			hasScannedForEncodings = 0;
			knownRegions = (
				en,
				Base,
			);
			mainGroup = 2FFC7AEC1ACF510000370376;
			productRefGroup = 2FFC7AF61ACF510000370376 /* Products */;
			projectDirPath = "";
			projectRoot = "";
			targets = (
				2FFC7AF41ACF510000370376 /* TwitterApp */,
				2FFC7B0D1ACF510000370376 /* TwitterAppTests */,
			);
		};
/* End PBXProject section */

/* Begin PBXResourcesBuildPhase section */
		2FFC7AF31ACF510000370376 /* Resources */ = {
			isa = PBXResourcesBuildPhase;
			buildActionMask = 2147483647;
			files = (
				2F44DD831AD73A4C00142A2C /* SSKeychain.strings in Resources */,
				2FFC7B041ACF510000370376 /* Main.storyboard in Resources */,
				2FFC7B091ACF510000370376 /* LaunchScreen.xib in Resources */,
				2F44DD841AD73A4C00142A2C /* Info.plist in Resources */,
				2FFC7B061ACF510000370376 /* Images.xcassets in Resources */,
			);
			runOnlyForDeploymentPostprocessing = 0;
		};
		2FFC7B0C1ACF510000370376 /* Resources */ = {
			isa = PBXResourcesBuildPhase;
			buildActionMask = 2147483647;
			files = (
			);
			runOnlyForDeploymentPostprocessing = 0;
		};
/* End PBXResourcesBuildPhase section */

/* Begin PBXSourcesBuildPhase section */
		2FFC7AF11ACF510000370376 /* Sources */ = {
			isa = PBXSourcesBuildPhase;
			buildActionMask = 2147483647;
			files = (
				2F9AE5CA1AD498F400C8707C /* AFURLConnectionOperation.m in Sources */,
				2F9AE5C51AD498F400C8707C /* AFHTTPRequestOperation.m in Sources */,
				2F9AE5D11AD498F400C8707C /* UIButton+AFNetworking.m in Sources */,
				2F9AE5C81AD498F400C8707C /* AFNetworkReachabilityManager.m in Sources */,
				2F44DD861AD73A4C00142A2C /* SSKeychainQuery.m in Sources */,
				2F9AE5D31AD498F400C8707C /* UIProgressView+AFNetworking.m in Sources */,
				2F9AE5CD1AD498F400C8707C /* AFURLSessionManager.m in Sources */,
				2F9AE5CB1AD498F400C8707C /* AFURLRequestSerialization.m in Sources */,
				2FFC7B201ACF538C00370376 /* TweetListTableViewController.m in Sources */,
				2F9AE5D41AD498F400C8707C /* UIRefreshControl+AFNetworking.m in Sources */,
				2F9AE5CC1AD498F400C8707C /* AFURLResponseSerialization.m in Sources */,
				2FFC7AFE1ACF510000370376 /* AppDelegate.m in Sources */,
				2F9AE5D21AD498F400C8707C /* UIImageView+AFNetworking.m in Sources */,
				2FFC7AFB1ACF510000370376 /* main.m in Sources */,
				2F9AE5D01AD498F400C8707C /* UIAlertView+AFNetworking.m in Sources */,
				2F9AE5C61AD498F400C8707C /* AFHTTPRequestOperationManager.m in Sources */,
				2F9AE5C91AD498F400C8707C /* AFSecurityPolicy.m in Sources */,
				2F9AE5D51AD498F400C8707C /* UIWebView+AFNetworking.m in Sources */,
				2FB5C4F11AD32CDA002FCE99 /* Tweet.m in Sources */,
				2F9AE5C71AD498F400C8707C /* AFHTTPSessionManager.m in Sources */,
				2F666A741AD4BABD0054B877 /* AddTweetTableViewController.m in Sources */,
				2F9AE5CF1AD498F400C8707C /* UIActivityIndicatorView+AFNetworking.m in Sources */,
				2F44DD851AD73A4C00142A2C /* SSKeychain.m in Sources */,
				2F9AE5CE1AD498F400C8707C /* AFNetworkActivityIndicatorManager.m in Sources */,
			);
			runOnlyForDeploymentPostprocessing = 0;
		};
		2FFC7B0A1ACF510000370376 /* Sources */ = {
			isa = PBXSourcesBuildPhase;
			buildActionMask = 2147483647;
			files = (
				2FFC7B151ACF510000370376 /* TwitterAppTests.m in Sources */,
			);
			runOnlyForDeploymentPostprocessing = 0;
		};
/* End PBXSourcesBuildPhase section */

/* Begin PBXTargetDependency section */
		2FFC7B101ACF510000370376 /* PBXTargetDependency */ = {
			isa = PBXTargetDependency;
			target = 2FFC7AF41ACF510000370376 /* TwitterApp */;
			targetProxy = 2FFC7B0F1ACF510000370376 /* PBXContainerItemProxy */;
		};
/* End PBXTargetDependency section */

/* Begin PBXVariantGroup section */
		2F44DD7C1AD73A4C00142A2C /* SSKeychain.strings */ = {
			isa = PBXVariantGroup;
			children = (
				2F44DD7D1AD73A4C00142A2C /* en */,
			);
			name = SSKeychain.strings;
			sourceTree = "<group>";
		};
		2FFC7B021ACF510000370376 /* Main.storyboard */ = {
			isa = PBXVariantGroup;
			children = (
				2FFC7B031ACF510000370376 /* Base */,
			);
			name = Main.storyboard;
			sourceTree = "<group>";
		};
		2FFC7B071ACF510000370376 /* LaunchScreen.xib */ = {
			isa = PBXVariantGroup;
			children = (
				2FFC7B081ACF510000370376 /* Base */,
			);
			name = LaunchScreen.xib;
			sourceTree = "<group>";
		};
/* End PBXVariantGroup section */

/* Begin XCBuildConfiguration section */
		2FFC7B161ACF510000370376 /* Debug */ = {
			isa = XCBuildConfiguration;
			buildSettings = {
				ALWAYS_SEARCH_USER_PATHS = NO;
				CLANG_CXX_LANGUAGE_STANDARD = "gnu++0x";
				CLANG_CXX_LIBRARY = "libc++";
				CLANG_ENABLE_MODULES = YES;
				CLANG_ENABLE_OBJC_ARC = YES;
				CLANG_WARN_BOOL_CONVERSION = YES;
				CLANG_WARN_CONSTANT_CONVERSION = YES;
				CLANG_WARN_DIRECT_OBJC_ISA_USAGE = YES_ERROR;
				CLANG_WARN_EMPTY_BODY = YES;
				CLANG_WARN_ENUM_CONVERSION = YES;
				CLANG_WARN_INT_CONVERSION = YES;
				CLANG_WARN_OBJC_ROOT_CLASS = YES_ERROR;
				CLANG_WARN_UNREACHABLE_CODE = YES;
				CLANG_WARN__DUPLICATE_METHOD_MATCH = YES;
				"CODE_SIGN_IDENTITY[sdk=iphoneos*]" = "iPhone Developer";
				COPY_PHASE_STRIP = NO;
				ENABLE_STRICT_OBJC_MSGSEND = YES;
				GCC_C_LANGUAGE_STANDARD = gnu99;
				GCC_DYNAMIC_NO_PIC = NO;
				GCC_OPTIMIZATION_LEVEL = 0;
				GCC_PREPROCESSOR_DEFINITIONS = (
					"DEBUG=1",
					"$(inherited)",
				);
				GCC_SYMBOLS_PRIVATE_EXTERN = NO;
				GCC_WARN_64_TO_32_BIT_CONVERSION = YES;
				GCC_WARN_ABOUT_RETURN_TYPE = YES_ERROR;
				GCC_WARN_UNDECLARED_SELECTOR = YES;
				GCC_WARN_UNINITIALIZED_AUTOS = YES_AGGRESSIVE;
				GCC_WARN_UNUSED_FUNCTION = YES;
				GCC_WARN_UNUSED_VARIABLE = YES;
				IPHONEOS_DEPLOYMENT_TARGET = 8.1;
				MTL_ENABLE_DEBUG_INFO = YES;
				ONLY_ACTIVE_ARCH = YES;
				SDKROOT = iphoneos;
				TARGETED_DEVICE_FAMILY = "1,2";
			};
			name = Debug;
		};
		2FFC7B171ACF510000370376 /* Release */ = {
			isa = XCBuildConfiguration;
			buildSettings = {
				ALWAYS_SEARCH_USER_PATHS = NO;
				CLANG_CXX_LANGUAGE_STANDARD = "gnu++0x";
				CLANG_CXX_LIBRARY = "libc++";
				CLANG_ENABLE_MODULES = YES;
				CLANG_ENABLE_OBJC_ARC = YES;
				CLANG_WARN_BOOL_CONVERSION = YES;
				CLANG_WARN_CONSTANT_CONVERSION = YES;
				CLANG_WARN_DIRECT_OBJC_ISA_USAGE = YES_ERROR;
				CLANG_WARN_EMPTY_BODY = YES;
				CLANG_WARN_ENUM_CONVERSION = YES;
				CLANG_WARN_INT_CONVERSION = YES;
				CLANG_WARN_OBJC_ROOT_CLASS = YES_ERROR;
				CLANG_WARN_UNREACHABLE_CODE = YES;
				CLANG_WARN__DUPLICATE_METHOD_MATCH = YES;
				"CODE_SIGN_IDENTITY[sdk=iphoneos*]" = "iPhone Developer";
				COPY_PHASE_STRIP = YES;
				ENABLE_NS_ASSERTIONS = NO;
				ENABLE_STRICT_OBJC_MSGSEND = YES;
				GCC_C_LANGUAGE_STANDARD = gnu99;
				GCC_WARN_64_TO_32_BIT_CONVERSION = YES;
				GCC_WARN_ABOUT_RETURN_TYPE = YES_ERROR;
				GCC_WARN_UNDECLARED_SELECTOR = YES;
				GCC_WARN_UNINITIALIZED_AUTOS = YES_AGGRESSIVE;
				GCC_WARN_UNUSED_FUNCTION = YES;
				GCC_WARN_UNUSED_VARIABLE = YES;
				IPHONEOS_DEPLOYMENT_TARGET = 8.1;
				MTL_ENABLE_DEBUG_INFO = NO;
				SDKROOT = iphoneos;
				TARGETED_DEVICE_FAMILY = "1,2";
				VALIDATE_PRODUCT = YES;
			};
			name = Release;
		};
		2FFC7B191ACF510000370376 /* Debug */ = {
			isa = XCBuildConfiguration;
			buildSettings = {
				ASSETCATALOG_COMPILER_APPICON_NAME = AppIcon;
				INFOPLIST_FILE = TwitterApp/Info.plist;
				LD_RUNPATH_SEARCH_PATHS = "$(inherited) @executable_path/Frameworks";
				PRODUCT_NAME = "$(TARGET_NAME)";
			};
			name = Debug;
		};
		2FFC7B1A1ACF510000370376 /* Release */ = {
			isa = XCBuildConfiguration;
			buildSettings = {
				ASSETCATALOG_COMPILER_APPICON_NAME = AppIcon;
				INFOPLIST_FILE = TwitterApp/Info.plist;
				LD_RUNPATH_SEARCH_PATHS = "$(inherited) @executable_path/Frameworks";
				PRODUCT_NAME = "$(TARGET_NAME)";
			};
			name = Release;
		};
		2FFC7B1C1ACF510000370376 /* Debug */ = {
			isa = XCBuildConfiguration;
			buildSettings = {
				BUNDLE_LOADER = "$(TEST_HOST)";
				FRAMEWORK_SEARCH_PATHS = (
					"$(SDKROOT)/Developer/Library/Frameworks",
					"$(inherited)",
				);
				GCC_PREPROCESSOR_DEFINITIONS = (
					"DEBUG=1",
					"$(inherited)",
				);
				INFOPLIST_FILE = TwitterAppTests/Info.plist;
				LD_RUNPATH_SEARCH_PATHS = "$(inherited) @executable_path/Frameworks @loader_path/Frameworks";
				PRODUCT_NAME = "$(TARGET_NAME)";
				TEST_HOST = "$(BUILT_PRODUCTS_DIR)/TwitterApp.app/TwitterApp";
			};
			name = Debug;
		};
		2FFC7B1D1ACF510000370376 /* Release */ = {
			isa = XCBuildConfiguration;
			buildSettings = {
				BUNDLE_LOADER = "$(TEST_HOST)";
				FRAMEWORK_SEARCH_PATHS = (
					"$(SDKROOT)/Developer/Library/Frameworks",
					"$(inherited)",
				);
				INFOPLIST_FILE = TwitterAppTests/Info.plist;
				LD_RUNPATH_SEARCH_PATHS = "$(inherited) @executable_path/Frameworks @loader_path/Frameworks";
				PRODUCT_NAME = "$(TARGET_NAME)";
				TEST_HOST = "$(BUILT_PRODUCTS_DIR)/TwitterApp.app/TwitterApp";
			};
			name = Release;
		};
/* End XCBuildConfiguration section */

/* Begin XCConfigurationList section */
		2FFC7AF01ACF510000370376 /* Build configuration list for PBXProject "TwitterApp" */ = {
			isa = XCConfigurationList;
			buildConfigurations = (
				2FFC7B161ACF510000370376 /* Debug */,
				2FFC7B171ACF510000370376 /* Release */,
			);
			defaultConfigurationIsVisible = 0;
			defaultConfigurationName = Release;
		};
		2FFC7B181ACF510000370376 /* Build configuration list for PBXNativeTarget "TwitterApp" */ = {
			isa = XCConfigurationList;
			buildConfigurations = (
				2FFC7B191ACF510000370376 /* Debug */,
				2FFC7B1A1ACF510000370376 /* Release */,
			);
			defaultConfigurationIsVisible = 0;
			defaultConfigurationName = Release;
		};
		2FFC7B1B1ACF510000370376 /* Build configuration list for PBXNativeTarget "TwitterAppTests" */ = {
			isa = XCConfigurationList;
			buildConfigurations = (
				2FFC7B1C1ACF510000370376 /* Debug */,
				2FFC7B1D1ACF510000370376 /* Release */,
			);
			defaultConfigurationIsVisible = 0;
			defaultConfigurationName = Release;
		};
/* End XCConfigurationList section */
	};
	rootObject = 2FFC7AED1ACF510000370376 /* Project object */;
}
