// !$*UTF8*$!
{
	archiveVersion = 1;
	classes = {
	};
	objectVersion = 46;
	objects = {

/* Begin PBXBuildFile section */
		2FB5C4F11AD32CDA002FCE99 /* Tweet.m in Sources */ = {isa = PBXBuildFile; fileRef = 2FB5C4F01AD32CDA002FCE99 /* Tweet.m */; };
		2FFC7AFB1ACF510000370376 /* main.m in Sources */ = {isa = PBXBuildFile; fileRef = 2FFC7AFA1ACF510000370376 /* main.m */; };
		2FFC7AFE1ACF510000370376 /* AppDelegate.m in Sources */ = {isa = PBXBuildFile; fileRef = 2FFC7AFD1ACF510000370376 /* AppDelegate.m */; };
		2FFC7B041ACF510000370376 /* Main.storyboard in Resources */ = {isa = PBXBuildFile; fileRef = 2FFC7B021ACF510000370376 /* Main.storyboard */; };
		2FFC7B061ACF510000370376 /* Images.xcassets in Resources */ = {isa = PBXBuildFile; fileRef = 2FFC7B051ACF510000370376 /* Images.xcassets */; };
		2FFC7B091ACF510000370376 /* LaunchScreen.xib in Resources */ = {isa = PBXBuildFile; fileRef = 2FFC7B071ACF510000370376 /* LaunchScreen.xib */; };
		2FFC7B151ACF510000370376 /* TwitterAppTests.m in Sources */ = {isa = PBXBuildFile; fileRef = 2FFC7B141ACF510000370376 /* TwitterAppTests.m */; };
		2FFC7B201ACF538C00370376 /* TweetListTableViewController.m in Sources */ = {isa = PBXBuildFile; fileRef = 2FFC7B1F1ACF538C00370376 /* TweetListTableViewController.m */; };
/* End PBXBuildFile section */

/* Begin PBXContainerItemProxy section */
		2FFC7B0F1ACF510000370376 /* PBXContainerItemProxy */ = {
			isa = PBXContainerItemProxy;
			containerPortal = 2FFC7AED1ACF510000370376 /* Project object */;
			proxyType = 1;
			remoteGlobalIDString = 2FFC7AF41ACF510000370376;
			remoteInfo = TwitterApp;
		};
/* End PBXContainerItemProxy section */

/* Begin PBXFileReference section */
		2FB5C4EF1AD32CDA002FCE99 /* Tweet.h */ = {isa = PBXFileReference; fileEncoding = 4; lastKnownFileType = sourcecode.c.h; path = Tweet.h; sourceTree = "<group>"; };
		2FB5C4F01AD32CDA002FCE99 /* Tweet.m */ = {isa = PBXFileReference; fileEncoding = 4; lastKnownFileType = sourcecode.c.objc; path = Tweet.m; sourceTree = "<group>"; };
		2FFC7AF51ACF510000370376 /* TwitterApp.app */ = {isa = PBXFileReference; explicitFileType = wrapper.application; includeInIndex = 0; path = TwitterApp.app; sourceTree = BUILT_PRODUCTS_DIR; };
		2FFC7AF91ACF510000370376 /* Info.plist */ = {isa = PBXFileReference; lastKnownFileType = text.plist.xml; path = Info.plist; sourceTree = "<group>"; };
		2FFC7AFA1ACF510000370376 /* main.m */ = {isa = PBXFileReference; lastKnownFileType = sourcecode.c.objc; path = main.m; sourceTree = "<group>"; };
		2FFC7AFC1ACF510000370376 /* AppDelegate.h */ = {isa = PBXFileReference; lastKnownFileType = sourcecode.c.h; path = AppDelegate.h; sourceTree = "<group>"; };
		2FFC7AFD1ACF510000370376 /* AppDelegate.m */ = {isa = PBXFileReference; lastKnownFileType = sourcecode.c.objc; path = AppDelegate.m; sourceTree = "<group>"; };
		2FFC7B031ACF510000370376 /* Base */ = {isa = PBXFileReference; lastKnownFileType = file.storyboard; name = Base; path = Base.lproj/Main.storyboard; sourceTree = "<group>"; };
		2FFC7B051ACF510000370376 /* Images.xcassets */ = {isa = PBXFileReference; lastKnownFileType = folder.assetcatalog; path = Images.xcassets; sourceTree = "<group>"; };
		2FFC7B081ACF510000370376 /* Base */ = {isa = PBXFileReference; lastKnownFileType = file.xib; name = Base; path = Base.lproj/LaunchScreen.xib; sourceTree = "<group>"; };
		2FFC7B0E1ACF510000370376 /* TwitterAppTests.xctest */ = {isa = PBXFileReference; explicitFileType = wrapper.cfbundle; includeInIndex = 0; path = TwitterAppTests.xctest; sourceTree = BUILT_PRODUCTS_DIR; };
		2FFC7B131ACF510000370376 /* Info.plist */ = {isa = PBXFileReference; lastKnownFileType = text.plist.xml; path = Info.plist; sourceTree = "<group>"; };
		2FFC7B141ACF510000370376 /* TwitterAppTests.m */ = {isa = PBXFileReference; lastKnownFileType = sourcecode.c.objc; path = TwitterAppTests.m; sourceTree = "<group>"; };
		2FFC7B1E1ACF538C00370376 /* TweetListTableViewController.h */ = {isa = PBXFileReference; fileEncoding = 4; lastKnownFileType = sourcecode.c.h; path = TweetListTableViewController.h; sourceTree = "<group>"; };
		2FFC7B1F1ACF538C00370376 /* TweetListTableViewController.m */ = {isa = PBXFileReference; fileEncoding = 4; lastKnownFileType = sourcecode.c.objc; path = TweetListTableViewController.m; sourceTree = "<group>"; };
/* End PBXFileReference section */

/* Begin PBXFrameworksBuildPhase section */
		2FFC7AF21ACF510000370376 /* Frameworks */ = {
			isa = PBXFrameworksBuildPhase;
			buildActionMask = 2147483647;
			files = (
			);
			runOnlyForDeploymentPostprocessing = 0;
		};
		2FFC7B0B1ACF510000370376 /* Frameworks */ = {
			isa = PBXFrameworksBuildPhase;
			buildActionMask = 2147483647;
			files = (
			);
			runOnlyForDeploymentPostprocessing = 0;
		};
/* End PBXFrameworksBuildPhase section */

/* Begin PBXGroup section */
		2FFC7AEC1ACF510000370376 = {
			isa = PBXGroup;
			children = (
				2FFC7AF71ACF510000370376 /* TwitterApp */,
				2FFC7B111ACF510000370376 /* TwitterAppTests */,
				2FFC7AF61ACF510000370376 /* Products */,
			);
			sourceTree = "<group>";
		};
		2FFC7AF61ACF510000370376 /* Products */ = {
			isa = PBXGroup;
			children = (
				2FFC7AF51ACF510000370376 /* TwitterApp.app */,
				2FFC7B0E1ACF510000370376 /* TwitterAppTests.xctest */,
			);
			name = Products;
			sourceTree = "<group>";
		};
		2FFC7AF71ACF510000370376 /* TwitterApp */ = {
			isa = PBXGroup;
			children = (
				2FFC7AFC1ACF510000370376 /* AppDelegate.h */,
				2FFC7AFD1ACF510000370376 /* AppDelegate.m */,
				2FB5C4EF1AD32CDA002FCE99 /* Tweet.h */,
				2FB5C4F01AD32CDA002FCE99 /* Tweet.m */,
				2FFC7B021ACF510000370376 /* Main.storyboard */,
				2FFC7B051ACF510000370376 /* Images.xcassets */,
				2FFC7B071ACF510000370376 /* LaunchScreen.xib */,
				2FFC7AF81ACF510000370376 /* Supporting Files */,
				2FFC7B1E1ACF538C00370376 /* TweetListTableViewController.h */,
				2FFC7B1F1ACF538C00370376 /* TweetListTableViewController.m */,
			);
			path = TwitterApp;
			sourceTree = "<group>";
		};
		2FFC7AF81ACF510000370376 /* Supporting Files */ = {
			isa = PBXGroup;
			children = (
				2FFC7AF91ACF510000370376 /* Info.plist */,
				2FFC7AFA1ACF510000370376 /* main.m */,
			);
			name = "Supporting Files";
			sourceTree = "<group>";
		};
		2FFC7B111ACF510000370376 /* TwitterAppTests */ = {
			isa = PBXGroup;
			children = (
				2FFC7B141ACF510000370376 /* TwitterAppTests.m */,
				2FFC7B121ACF510000370376 /* Supporting Files */,
			);
			path = TwitterAppTests;
			sourceTree = "<group>";
		};
		2FFC7B121ACF510000370376 /* Supporting Files */ = {
			isa = PBXGroup;
			children = (
				2FFC7B131ACF510000370376 /* Info.plist */,
			);
			name = "Supporting Files";
			sourceTree = "<group>";
		};
/* End PBXGroup section */

/* Begin PBXNativeTarget section */
		2FFC7AF41ACF510000370376 /* TwitterApp */ = {
			isa = PBXNativeTarget;
			buildConfigurationList = 2FFC7B181ACF510000370376 /* Build configuration list for PBXNativeTarget "TwitterApp" */;
			buildPhases = (
				2FFC7AF11ACF510000370376 /* Sources */,
				2FFC7AF21ACF510000370376 /* Frameworks */,
				2FFC7AF31ACF510000370376 /* Resources */,
			);
			buildRules = (
			);
			dependencies = (
			);
			name = TwitterApp;
			productName = TwitterApp;
			productReference = 2FFC7AF51ACF510000370376 /* TwitterApp.app */;
			productType = "com.apple.product-type.application";
		};
		2FFC7B0D1ACF510000370376 /* TwitterAppTests */ = {
			isa = PBXNativeTarget;
			buildConfigurationList = 2FFC7B1B1ACF510000370376 /* Build configuration list for PBXNativeTarget "TwitterAppTests" */;
			buildPhases = (
				2FFC7B0A1ACF510000370376 /* Sources */,
				2FFC7B0B1ACF510000370376 /* Frameworks */,
				2FFC7B0C1ACF510000370376 /* Resources */,
			);
			buildRules = (
			);
			dependencies = (
				2FFC7B101ACF510000370376 /* PBXTargetDependency */,
			);
			name = TwitterAppTests;
			productName = TwitterAppTests;
			productReference = 2FFC7B0E1ACF510000370376 /* TwitterAppTests.xctest */;
			productType = "com.apple.product-type.bundle.unit-test";
		};
/* End PBXNativeTarget section */

/* Begin PBXProject section */
		2FFC7AED1ACF510000370376 /* Project object */ = {
			isa = PBXProject;
			attributes = {
				LastUpgradeCheck = 0610;
				ORGANIZATIONNAME = "Choong Huh";
				TargetAttributes = {
					2FFC7AF41ACF510000370376 = {
						CreatedOnToolsVersion = 6.1.1;
					};
					2FFC7B0D1ACF510000370376 = {
						CreatedOnToolsVersion = 6.1.1;
						TestTargetID = 2FFC7AF41ACF510000370376;
					};
				};
			};
			buildConfigurationList = 2FFC7AF01ACF510000370376 /* Build configuration list for PBXProject "TwitterApp" */;
			compatibilityVersion = "Xcode 3.2";
			developmentRegion = English;
			hasScannedForEncodings = 0;
			knownRegions = (
				en,
				Base,
			);
			mainGroup = 2FFC7AEC1ACF510000370376;
			productRefGroup = 2FFC7AF61ACF510000370376 /* Products */;
			projectDirPath = "";
			projectRoot = "";
			targets = (
				2FFC7AF41ACF510000370376 /* TwitterApp */,
				2FFC7B0D1ACF510000370376 /* TwitterAppTests */,
			);
		};
/* End PBXProject section */

/* Begin PBXResourcesBuildPhase section */
		2FFC7AF31ACF510000370376 /* Resources */ = {
			isa = PBXResourcesBuildPhase;
			buildActionMask = 2147483647;
			files = (
				2FFC7B041ACF510000370376 /* Main.storyboard in Resources */,
				2FFC7B091ACF510000370376 /* LaunchScreen.xib in Resources */,
				2FFC7B061ACF510000370376 /* Images.xcassets in Resources */,
			);
			runOnlyForDeploymentPostprocessing = 0;
		};
		2FFC7B0C1ACF510000370376 /* Resources */ = {
			isa = PBXResourcesBuildPhase;
			buildActionMask = 2147483647;
			files = (
			);
			runOnlyForDeploymentPostprocessing = 0;
		};
/* End PBXResourcesBuildPhase section */

/* Begin PBXSourcesBuildPhase section */
		2FFC7AF11ACF510000370376 /* Sources */ = {
			isa = PBXSourcesBuildPhase;
			buildActionMask = 2147483647;
			files = (
				2FFC7B201ACF538C00370376 /* TweetListTableViewController.m in Sources */,
				2FFC7AFE1ACF510000370376 /* AppDelegate.m in Sources */,
				2FFC7AFB1ACF510000370376 /* main.m in Sources */,
				2FB5C4F11AD32CDA002FCE99 /* Tweet.m in Sources */,
			);
			runOnlyForDeploymentPostprocessing = 0;
		};
		2FFC7B0A1ACF510000370376 /* Sources */ = {
			isa = PBXSourcesBuildPhase;
			buildActionMask = 2147483647;
			files = (
				2FFC7B151ACF510000370376 /* TwitterAppTests.m in Sources */,
			);
			runOnlyForDeploymentPostprocessing = 0;
		};
/* End PBXSourcesBuildPhase section */

/* Begin PBXTargetDependency section */
		2FFC7B101ACF510000370376 /* PBXTargetDependency */ = {
			isa = PBXTargetDependency;
			target = 2FFC7AF41ACF510000370376 /* TwitterApp */;
			targetProxy = 2FFC7B0F1ACF510000370376 /* PBXContainerItemProxy */;
		};
/* End PBXTargetDependency section */

/* Begin PBXVariantGroup section */
		2FFC7B021ACF510000370376 /* Main.storyboard */ = {
			isa = PBXVariantGroup;
			children = (
				2FFC7B031ACF510000370376 /* Base */,
			);
			name = Main.storyboard;
			sourceTree = "<group>";
		};
		2FFC7B071ACF510000370376 /* LaunchScreen.xib */ = {
			isa = PBXVariantGroup;
			children = (
				2FFC7B081ACF510000370376 /* Base */,
			);
			name = LaunchScreen.xib;
			sourceTree = "<group>";
		};
/* End PBXVariantGroup section */

/* Begin XCBuildConfiguration section */
		2FFC7B161ACF510000370376 /* Debug */ = {
			isa = XCBuildConfiguration;
			buildSettings = {
				ALWAYS_SEARCH_USER_PATHS = NO;
				CLANG_CXX_LANGUAGE_STANDARD = "gnu++0x";
				CLANG_CXX_LIBRARY = "libc++";
				CLANG_ENABLE_MODULES = YES;
				CLANG_ENABLE_OBJC_ARC = YES;
				CLANG_WARN_BOOL_CONVERSION = YES;
				CLANG_WARN_CONSTANT_CONVERSION = YES;
				CLANG_WARN_DIRECT_OBJC_ISA_USAGE = YES_ERROR;
				CLANG_WARN_EMPTY_BODY = YES;
				CLANG_WARN_ENUM_CONVERSION = YES;
				CLANG_WARN_INT_CONVERSION = YES;
				CLANG_WARN_OBJC_ROOT_CLASS = YES_ERROR;
				CLANG_WARN_UNREACHABLE_CODE = YES;
				CLANG_WARN__DUPLICATE_METHOD_MATCH = YES;
				"CODE_SIGN_IDENTITY[sdk=iphoneos*]" = "iPhone Developer";
				COPY_PHASE_STRIP = NO;
				ENABLE_STRICT_OBJC_MSGSEND = YES;
				GCC_C_LANGUAGE_STANDARD = gnu99;
				GCC_DYNAMIC_NO_PIC = NO;
				GCC_OPTIMIZATION_LEVEL = 0;
				GCC_PREPROCESSOR_DEFINITIONS = (
					"DEBUG=1",
					"$(inherited)",
				);
				GCC_SYMBOLS_PRIVATE_EXTERN = NO;
				GCC_WARN_64_TO_32_BIT_CONVERSION = YES;
				GCC_WARN_ABOUT_RETURN_TYPE = YES_ERROR;
				GCC_WARN_UNDECLARED_SELECTOR = YES;
				GCC_WARN_UNINITIALIZED_AUTOS = YES_AGGRESSIVE;
				GCC_WARN_UNUSED_FUNCTION = YES;
				GCC_WARN_UNUSED_VARIABLE = YES;
				IPHONEOS_DEPLOYMENT_TARGET = 8.1;
				MTL_ENABLE_DEBUG_INFO = YES;
				ONLY_ACTIVE_ARCH = YES;
				SDKROOT = iphoneos;
				TARGETED_DEVICE_FAMILY = "1,2";
			};
			name = Debug;
		};
		2FFC7B171ACF510000370376 /* Release */ = {
			isa = XCBuildConfiguration;
			buildSettings = {
				ALWAYS_SEARCH_USER_PATHS = NO;
				CLANG_CXX_LANGUAGE_STANDARD = "gnu++0x";
				CLANG_CXX_LIBRARY = "libc++";
				CLANG_ENABLE_MODULES = YES;
				CLANG_ENABLE_OBJC_ARC = YES;
				CLANG_WARN_BOOL_CONVERSION = YES;
				CLANG_WARN_CONSTANT_CONVERSION = YES;
				CLANG_WARN_DIRECT_OBJC_ISA_USAGE = YES_ERROR;
				CLANG_WARN_EMPTY_BODY = YES;
				CLANG_WARN_ENUM_CONVERSION = YES;
				CLANG_WARN_INT_CONVERSION = YES;
				CLANG_WARN_OBJC_ROOT_CLASS = YES_ERROR;
				CLANG_WARN_UNREACHABLE_CODE = YES;
				CLANG_WARN__DUPLICATE_METHOD_MATCH = YES;
				"CODE_SIGN_IDENTITY[sdk=iphoneos*]" = "iPhone Developer";
				COPY_PHASE_STRIP = YES;
				ENABLE_NS_ASSERTIONS = NO;
				ENABLE_STRICT_OBJC_MSGSEND = YES;
				GCC_C_LANGUAGE_STANDARD = gnu99;
				GCC_WARN_64_TO_32_BIT_CONVERSION = YES;
				GCC_WARN_ABOUT_RETURN_TYPE = YES_ERROR;
				GCC_WARN_UNDECLARED_SELECTOR = YES;
				GCC_WARN_UNINITIALIZED_AUTOS = YES_AGGRESSIVE;
				GCC_WARN_UNUSED_FUNCTION = YES;
				GCC_WARN_UNUSED_VARIABLE = YES;
				IPHONEOS_DEPLOYMENT_TARGET = 8.1;
				MTL_ENABLE_DEBUG_INFO = NO;
				SDKROOT = iphoneos;
				TARGETED_DEVICE_FAMILY = "1,2";
				VALIDATE_PRODUCT = YES;
			};
			name = Release;
		};
		2FFC7B191ACF510000370376 /* Debug */ = {
			isa = XCBuildConfiguration;
			buildSettings = {
				ASSETCATALOG_COMPILER_APPICON_NAME = AppIcon;
				INFOPLIST_FILE = TwitterApp/Info.plist;
				LD_RUNPATH_SEARCH_PATHS = "$(inherited) @executable_path/Frameworks";
				PRODUCT_NAME = "$(TARGET_NAME)";
			};
			name = Debug;
		};
		2FFC7B1A1ACF510000370376 /* Release */ = {
			isa = XCBuildConfiguration;
			buildSettings = {
				ASSETCATALOG_COMPILER_APPICON_NAME = AppIcon;
				INFOPLIST_FILE = TwitterApp/Info.plist;
				LD_RUNPATH_SEARCH_PATHS = "$(inherited) @executable_path/Frameworks";
				PRODUCT_NAME = "$(TARGET_NAME)";
			};
			name = Release;
		};
		2FFC7B1C1ACF510000370376 /* Debug */ = {
			isa = XCBuildConfiguration;
			buildSettings = {
				BUNDLE_LOADER = "$(TEST_HOST)";
				FRAMEWORK_SEARCH_PATHS = (
					"$(SDKROOT)/Developer/Library/Frameworks",
					"$(inherited)",
				);
				GCC_PREPROCESSOR_DEFINITIONS = (
					"DEBUG=1",
					"$(inherited)",
				);
				INFOPLIST_FILE = TwitterAppTests/Info.plist;
				LD_RUNPATH_SEARCH_PATHS = "$(inherited) @executable_path/Frameworks @loader_path/Frameworks";
				PRODUCT_NAME = "$(TARGET_NAME)";
				TEST_HOST = "$(BUILT_PRODUCTS_DIR)/TwitterApp.app/TwitterApp";
			};
			name = Debug;
		};
		2FFC7B1D1ACF510000370376 /* Release */ = {
			isa = XCBuildConfiguration;
			buildSettings = {
				BUNDLE_LOADER = "$(TEST_HOST)";
				FRAMEWORK_SEARCH_PATHS = (
					"$(SDKROOT)/Developer/Library/Frameworks",
					"$(inherited)",
				);
				INFOPLIST_FILE = TwitterAppTests/Info.plist;
				LD_RUNPATH_SEARCH_PATHS = "$(inherited) @executable_path/Frameworks @loader_path/Frameworks";
				PRODUCT_NAME = "$(TARGET_NAME)";
				TEST_HOST = "$(BUILT_PRODUCTS_DIR)/TwitterApp.app/TwitterApp";
			};
			name = Release;
		};
/* End XCBuildConfiguration section */

/* Begin XCConfigurationList section */
		2FFC7AF01ACF510000370376 /* Build configuration list for PBXProject "TwitterApp" */ = {
			isa = XCConfigurationList;
			buildConfigurations = (
				2FFC7B161ACF510000370376 /* Debug */,
				2FFC7B171ACF510000370376 /* Release */,
			);
			defaultConfigurationIsVisible = 0;
			defaultConfigurationName = Release;
		};
		2FFC7B181ACF510000370376 /* Build configuration list for PBXNativeTarget "TwitterApp" */ = {
			isa = XCConfigurationList;
			buildConfigurations = (
				2FFC7B191ACF510000370376 /* Debug */,
				2FFC7B1A1ACF510000370376 /* Release */,
			);
			defaultConfigurationIsVisible = 0;
			defaultConfigurationName = Release;
		};
		2FFC7B1B1ACF510000370376 /* Build configuration list for PBXNativeTarget "TwitterAppTests" */ = {
			isa = XCConfigurationList;
			buildConfigurations = (
				2FFC7B1C1ACF510000370376 /* Debug */,
				2FFC7B1D1ACF510000370376 /* Release */,
			);
			defaultConfigurationIsVisible = 0;
			defaultConfigurationName = Release;
		};
/* End XCConfigurationList section */
	};
	rootObject = 2FFC7AED1ACF510000370376 /* Project object */;
}
